
Microsoft Visual Studio Solution File, Format Version 12.00
# Visual Studio Version 17
VisualStudioVersion = 17.4.33122.133
MinimumVisualStudioVersion = 10.0.40219.1
Project("{FAE04EC0-301F-11D3-BF4B-00C04F79EFBC}") = "exercicioListas", "exercicioListas.csproj", "{8F0AFFE6-3159-494F-B246-A7F087D972F1}"
EndProject
Global
	GlobalSection(SolutionConfigurationPlatforms) = preSolution
		Debug|Any CPU = Debug|Any CPU
		Release|Any CPU = Release|Any CPU
	EndGlobalSection
	GlobalSection(ProjectConfigurationPlatforms) = postSolution
		{8F0AFFE6-3159-494F-B246-A7F087D972F1}.Debug|Any CPU.ActiveCfg = Debug|Any CPU
		{8F0AFFE6-3159-494F-B246-A7F087D972F1}.Debug|Any CPU.Build.0 = Debug|Any CPU
		{8F0AFFE6-3159-494F-B246-A7F087D972F1}.Release|Any CPU.ActiveCfg = Release|Any CPU
		{8F0AFFE6-3159-494F-B246-A7F087D972F1}.Release|Any CPU.Build.0 = Release|Any CPU
	EndGlobalSection
	GlobalSection(SolutionProperties) = preSolution
		HideSolutionNode = FALSE
	EndGlobalSection
	GlobalSection(ExtensibilityGlobals) = postSolution
		SolutionGuid = {2A077993-7AC1-4AE5-8C57-85E332684555}
	EndGlobalSection
EndGlobal
